
Microsoft Visual Studio Solution File, Format Version 12.00
# Visual Studio Version 17
VisualStudioVersion = 17.0.31903.59
MinimumVisualStudioVersion = 10.0.40219.1
Project("{2150E333-8FDC-42A3-9474-1A3956D46DE8}") = "src", "src", "{6C0D40BD-2315-4EAC-8886-83ADD48A2092}"
EndProject
Project("{FAE04EC0-301F-11D3-BF4B-00C04F79EFBC}") = "Wallet", "src\wallet\Wallet.csproj", "{08B12667-CC56-4E4D-872F-71D02D732847}"
EndProject
Project("{2150E333-8FDC-42A3-9474-1A3956D46DE8}") = "test", "test", "{20C5B305-6269-495D-8D74-49905EF16300}"
EndProject
Project("{FAE04EC0-301F-11D3-BF4B-00C04F79EFBC}") = "WalletTests", "test\wallet.tests\WalletTests.csproj", "{894325D2-4AA3-44AC-BA47-3DC09A53E546}"
EndProject
Project("{FAE04EC0-301F-11D3-BF4B-00C04F79EFBC}") = "Core.Tests", "test\core.tests\Core.Tests.csproj", "{95721570-DEFD-402F-9F8D-4235F214863A}"
EndProject
Project("{FAE04EC0-301F-11D3-BF4B-00C04F79EFBC}") = "Core", "src\core\Core.csproj", "{48BB7B17-C1F8-45B6-A422-4059ED3D2E78}"
EndProject
Project("{FAE04EC0-301F-11D3-BF4B-00C04F79EFBC}") = "Application", "src\application\Application.csproj", "{6E983780-63D6-4CBD-AFAD-98C216AC8D72}"
EndProject
Project("{2150E333-8FDC-42A3-9474-1A3956D46DE8}") = "infrastructure", "infrastructure", "{B2BA8497-E67B-4E6F-AD9D-E3B80186DF75}"
EndProject
Project("{FAE04EC0-301F-11D3-BF4B-00C04F79EFBC}") = "InMemoryDatabase", "src\infrastructure\inmemorydatabase\InMemoryDatabase.csproj", "{4890344B-49B8-4716-886A-B3D802F1C2E6}"
EndProject
Project("{FAE04EC0-301F-11D3-BF4B-00C04F79EFBC}") = "PostgreSQLDatabase", "src\infrastructure\postgresqldatabase\PostgreSQLDatabase.csproj", "{9F6C1BD1-6AEA-460D-838D-CCFB9782FC89}"
EndProject
Project("{FAE04EC0-301F-11D3-BF4B-00C04F79EFBC}") = "Notifications", "src\notifications\Notifications.csproj", "{47CCD4A3-7B49-4247-A3A0-33FB6EDF615D}"
EndProject
Project("{2150E333-8FDC-42A3-9474-1A3956D46DE8}") = "services", "services", "{89D05FF9-F41F-4E66-862B-C426C9F48C0B}"
EndProject
Project("{FAE04EC0-301F-11D3-BF4B-00C04F79EFBC}") = "RabbitMQService", "src\services\rabbitmqservice\RabbitMQService.csproj", "{B8F68EA9-10DA-4AA3-BB41-2F9CBC30F8CE}"
EndProject
Project("{FAE04EC0-301F-11D3-BF4B-00C04F79EFBC}") = "Web", "src\web\Web.csproj", "{CDC0358A-A25E-4FC0-9110-7D22FF62B478}"
EndProject
Project("{FAE04EC0-301F-11D3-BF4B-00C04F79EFBC}") = "ManualTesting", "test\manualtesting\ManualTesting.csproj", "{18CE79EC-5D97-4E55-9A2F-AB21576E9F16}"
EndProject
Global
	GlobalSection(SolutionConfigurationPlatforms) = preSolution
		Debug|Any CPU = Debug|Any CPU
		Release|Any CPU = Release|Any CPU
	EndGlobalSection
	GlobalSection(SolutionProperties) = preSolution
		HideSolutionNode = FALSE
	EndGlobalSection
	GlobalSection(ProjectConfigurationPlatforms) = postSolution
		{08B12667-CC56-4E4D-872F-71D02D732847}.Debug|Any CPU.ActiveCfg = Debug|Any CPU
		{08B12667-CC56-4E4D-872F-71D02D732847}.Debug|Any CPU.Build.0 = Debug|Any CPU
		{08B12667-CC56-4E4D-872F-71D02D732847}.Release|Any CPU.ActiveCfg = Release|Any CPU
		{08B12667-CC56-4E4D-872F-71D02D732847}.Release|Any CPU.Build.0 = Release|Any CPU
		{894325D2-4AA3-44AC-BA47-3DC09A53E546}.Debug|Any CPU.ActiveCfg = Debug|Any CPU
		{894325D2-4AA3-44AC-BA47-3DC09A53E546}.Debug|Any CPU.Build.0 = Debug|Any CPU
		{894325D2-4AA3-44AC-BA47-3DC09A53E546}.Release|Any CPU.ActiveCfg = Release|Any CPU
		{894325D2-4AA3-44AC-BA47-3DC09A53E546}.Release|Any CPU.Build.0 = Release|Any CPU
		{95721570-DEFD-402F-9F8D-4235F214863A}.Debug|Any CPU.ActiveCfg = Debug|Any CPU
		{95721570-DEFD-402F-9F8D-4235F214863A}.Debug|Any CPU.Build.0 = Debug|Any CPU
		{95721570-DEFD-402F-9F8D-4235F214863A}.Release|Any CPU.ActiveCfg = Release|Any CPU
		{95721570-DEFD-402F-9F8D-4235F214863A}.Release|Any CPU.Build.0 = Release|Any CPU
		{48BB7B17-C1F8-45B6-A422-4059ED3D2E78}.Debug|Any CPU.ActiveCfg = Debug|Any CPU
		{48BB7B17-C1F8-45B6-A422-4059ED3D2E78}.Debug|Any CPU.Build.0 = Debug|Any CPU
		{48BB7B17-C1F8-45B6-A422-4059ED3D2E78}.Release|Any CPU.ActiveCfg = Release|Any CPU
		{48BB7B17-C1F8-45B6-A422-4059ED3D2E78}.Release|Any CPU.Build.0 = Release|Any CPU
		{6E983780-63D6-4CBD-AFAD-98C216AC8D72}.Debug|Any CPU.ActiveCfg = Debug|Any CPU
		{6E983780-63D6-4CBD-AFAD-98C216AC8D72}.Debug|Any CPU.Build.0 = Debug|Any CPU
		{6E983780-63D6-4CBD-AFAD-98C216AC8D72}.Release|Any CPU.ActiveCfg = Release|Any CPU
		{6E983780-63D6-4CBD-AFAD-98C216AC8D72}.Release|Any CPU.Build.0 = Release|Any CPU
		{4890344B-49B8-4716-886A-B3D802F1C2E6}.Debug|Any CPU.ActiveCfg = Debug|Any CPU
		{4890344B-49B8-4716-886A-B3D802F1C2E6}.Debug|Any CPU.Build.0 = Debug|Any CPU
		{4890344B-49B8-4716-886A-B3D802F1C2E6}.Release|Any CPU.ActiveCfg = Release|Any CPU
		{4890344B-49B8-4716-886A-B3D802F1C2E6}.Release|Any CPU.Build.0 = Release|Any CPU
		{9F6C1BD1-6AEA-460D-838D-CCFB9782FC89}.Debug|Any CPU.ActiveCfg = Debug|Any CPU
		{9F6C1BD1-6AEA-460D-838D-CCFB9782FC89}.Debug|Any CPU.Build.0 = Debug|Any CPU
		{9F6C1BD1-6AEA-460D-838D-CCFB9782FC89}.Release|Any CPU.ActiveCfg = Release|Any CPU
		{9F6C1BD1-6AEA-460D-838D-CCFB9782FC89}.Release|Any CPU.Build.0 = Release|Any CPU
		{47CCD4A3-7B49-4247-A3A0-33FB6EDF615D}.Debug|Any CPU.ActiveCfg = Debug|Any CPU
		{47CCD4A3-7B49-4247-A3A0-33FB6EDF615D}.Debug|Any CPU.Build.0 = Debug|Any CPU
		{47CCD4A3-7B49-4247-A3A0-33FB6EDF615D}.Release|Any CPU.ActiveCfg = Release|Any CPU
		{47CCD4A3-7B49-4247-A3A0-33FB6EDF615D}.Release|Any CPU.Build.0 = Release|Any CPU
		{B8F68EA9-10DA-4AA3-BB41-2F9CBC30F8CE}.Debug|Any CPU.ActiveCfg = Debug|Any CPU
		{B8F68EA9-10DA-4AA3-BB41-2F9CBC30F8CE}.Debug|Any CPU.Build.0 = Debug|Any CPU
		{B8F68EA9-10DA-4AA3-BB41-2F9CBC30F8CE}.Release|Any CPU.ActiveCfg = Release|Any CPU
		{B8F68EA9-10DA-4AA3-BB41-2F9CBC30F8CE}.Release|Any CPU.Build.0 = Release|Any CPU
		{CDC0358A-A25E-4FC0-9110-7D22FF62B478}.Debug|Any CPU.ActiveCfg = Debug|Any CPU
		{CDC0358A-A25E-4FC0-9110-7D22FF62B478}.Debug|Any CPU.Build.0 = Debug|Any CPU
		{CDC0358A-A25E-4FC0-9110-7D22FF62B478}.Release|Any CPU.ActiveCfg = Release|Any CPU
		{CDC0358A-A25E-4FC0-9110-7D22FF62B478}.Release|Any CPU.Build.0 = Release|Any CPU
		{18CE79EC-5D97-4E55-9A2F-AB21576E9F16}.Debug|Any CPU.ActiveCfg = Debug|Any CPU
		{18CE79EC-5D97-4E55-9A2F-AB21576E9F16}.Debug|Any CPU.Build.0 = Debug|Any CPU
		{18CE79EC-5D97-4E55-9A2F-AB21576E9F16}.Release|Any CPU.ActiveCfg = Release|Any CPU
		{18CE79EC-5D97-4E55-9A2F-AB21576E9F16}.Release|Any CPU.Build.0 = Release|Any CPU
	EndGlobalSection
	GlobalSection(NestedProjects) = preSolution
		{08B12667-CC56-4E4D-872F-71D02D732847} = {6C0D40BD-2315-4EAC-8886-83ADD48A2092}
		{894325D2-4AA3-44AC-BA47-3DC09A53E546} = {20C5B305-6269-495D-8D74-49905EF16300}
		{95721570-DEFD-402F-9F8D-4235F214863A} = {20C5B305-6269-495D-8D74-49905EF16300}
		{48BB7B17-C1F8-45B6-A422-4059ED3D2E78} = {6C0D40BD-2315-4EAC-8886-83ADD48A2092}
		{6E983780-63D6-4CBD-AFAD-98C216AC8D72} = {6C0D40BD-2315-4EAC-8886-83ADD48A2092}
		{B2BA8497-E67B-4E6F-AD9D-E3B80186DF75} = {6C0D40BD-2315-4EAC-8886-83ADD48A2092}
		{4890344B-49B8-4716-886A-B3D802F1C2E6} = {B2BA8497-E67B-4E6F-AD9D-E3B80186DF75}
		{9F6C1BD1-6AEA-460D-838D-CCFB9782FC89} = {B2BA8497-E67B-4E6F-AD9D-E3B80186DF75}
		{47CCD4A3-7B49-4247-A3A0-33FB6EDF615D} = {6C0D40BD-2315-4EAC-8886-83ADD48A2092}
		{89D05FF9-F41F-4E66-862B-C426C9F48C0B} = {6C0D40BD-2315-4EAC-8886-83ADD48A2092}
		{B8F68EA9-10DA-4AA3-BB41-2F9CBC30F8CE} = {89D05FF9-F41F-4E66-862B-C426C9F48C0B}
		{CDC0358A-A25E-4FC0-9110-7D22FF62B478} = {6C0D40BD-2315-4EAC-8886-83ADD48A2092}
		{18CE79EC-5D97-4E55-9A2F-AB21576E9F16} = {20C5B305-6269-495D-8D74-49905EF16300}
	EndGlobalSection
EndGlobal
